
Microsoft Visual Studio Solution File, Format Version 12.00
# Visual Studio Version 16
VisualStudioVersion = 16.0.32630.194
MinimumVisualStudioVersion = 10.0.40219.1
Project("{FAE04EC0-301F-11D3-BF4B-00C04F79EFBC}") = "Ejercicio1_Semana8", "Ejercicio1_Semana8\Ejercicio1_Semana8.csproj", "{C98FD88C-5415-4177-A866-FD60E6F4A450}"
EndProject
Global
	GlobalSection(SolutionConfigurationPlatforms) = preSolution
		Debug|Any CPU = Debug|Any CPU
		Release|Any CPU = Release|Any CPU
	EndGlobalSection
	GlobalSection(ProjectConfigurationPlatforms) = postSolution
		{C98FD88C-5415-4177-A866-FD60E6F4A450}.Debug|Any CPU.ActiveCfg = Debug|Any CPU
		{C98FD88C-5415-4177-A866-FD60E6F4A450}.Debug|Any CPU.Build.0 = Debug|Any CPU
		{C98FD88C-5415-4177-A866-FD60E6F4A450}.Release|Any CPU.ActiveCfg = Release|Any CPU
		{C98FD88C-5415-4177-A866-FD60E6F4A450}.Release|Any CPU.Build.0 = Release|Any CPU
	EndGlobalSection
	GlobalSection(SolutionProperties) = preSolution
		HideSolutionNode = FALSE
	EndGlobalSection
	GlobalSection(ExtensibilityGlobals) = postSolution
		SolutionGuid = {6F3E59AF-9845-4A0C-8031-0F374FD06D98}
	EndGlobalSection
EndGlobal
